// !$*UTF8*$!
{
	archiveVersion = 1;
	classes = {
	};
	objectVersion = 46;
	objects = {

/* Begin PBXBuildFile section */
		4D6E11A819BA893800012414 /* main.m in Sources */ = {isa = PBXBuildFile; fileRef = 4D6E11A719BA893800012414 /* main.m */; };
		4D6E11AB19BA893800012414 /* AppDelegate.m in Sources */ = {isa = PBXBuildFile; fileRef = 4D6E11AA19BA893800012414 /* AppDelegate.m */; };
		4D6E11AE19BA893800012414 /* ViewController.m in Sources */ = {isa = PBXBuildFile; fileRef = 4D6E11AD19BA893800012414 /* ViewController.m */; };
		4D6E11B319BA893800012414 /* Images.xcassets in Resources */ = {isa = PBXBuildFile; fileRef = 4D6E11B219BA893800012414 /* Images.xcassets */; };
		4D6E11CD19BB786000012414 /* ViewController.xib in Resources */ = {isa = PBXBuildFile; fileRef = 4D6E11CC19BB786000012414 /* ViewController.xib */; };
		4D6E11D119BB814E00012414 /* MBEPickerController.m in Sources */ = {isa = PBXBuildFile; fileRef = 4D6E11CF19BB814E00012414 /* MBEPickerController.m */; };
		4D6E11D219BB814E00012414 /* MBEPickerController.xib in Resources */ = {isa = PBXBuildFile; fileRef = 4D6E11D019BB814E00012414 /* MBEPickerController.xib */; };
/* End PBXBuildFile section */

/* Begin PBXFileReference section */
		4D6E11A219BA893800012414 /* MBEPickerViewController.app */ = {isa = PBXFileReference; explicitFileType = wrapper.application; includeInIndex = 0; path = MBEPickerViewController.app; sourceTree = BUILT_PRODUCTS_DIR; };
		4D6E11A619BA893800012414 /* Info.plist */ = {isa = PBXFileReference; lastKnownFileType = text.plist.xml; path = Info.plist; sourceTree = "<group>"; };
		4D6E11A719BA893800012414 /* main.m */ = {isa = PBXFileReference; lastKnownFileType = sourcecode.c.objc; path = main.m; sourceTree = "<group>"; };
		4D6E11A919BA893800012414 /* AppDelegate.h */ = {isa = PBXFileReference; lastKnownFileType = sourcecode.c.h; path = AppDelegate.h; sourceTree = "<group>"; };
		4D6E11AA19BA893800012414 /* AppDelegate.m */ = {isa = PBXFileReference; lastKnownFileType = sourcecode.c.objc; path = AppDelegate.m; sourceTree = "<group>"; };
		4D6E11AC19BA893800012414 /* ViewController.h */ = {isa = PBXFileReference; lastKnownFileType = sourcecode.c.h; path = ViewController.h; sourceTree = "<group>"; };
		4D6E11AD19BA893800012414 /* ViewController.m */ = {isa = PBXFileReference; lastKnownFileType = sourcecode.c.objc; path = ViewController.m; sourceTree = "<group>"; };
		4D6E11B219BA893800012414 /* Images.xcassets */ = {isa = PBXFileReference; lastKnownFileType = folder.assetcatalog; path = Images.xcassets; sourceTree = "<group>"; };
		4D6E11CC19BB786000012414 /* ViewController.xib */ = {isa = PBXFileReference; fileEncoding = 4; lastKnownFileType = file.xib; path = ViewController.xib; sourceTree = "<group>"; };
		4D6E11CE19BB814E00012414 /* MBEPickerController.h */ = {isa = PBXFileReference; fileEncoding = 4; lastKnownFileType = sourcecode.c.h; path = MBEPickerController.h; sourceTree = "<group>"; };
		4D6E11CF19BB814E00012414 /* MBEPickerController.m */ = {isa = PBXFileReference; fileEncoding = 4; lastKnownFileType = sourcecode.c.objc; path = MBEPickerController.m; sourceTree = "<group>"; };
		4D6E11D019BB814E00012414 /* MBEPickerController.xib */ = {isa = PBXFileReference; fileEncoding = 4; lastKnownFileType = file.xib; path = MBEPickerController.xib; sourceTree = "<group>"; };
/* End PBXFileReference section */

/* Begin PBXFrameworksBuildPhase section */
		4D6E119F19BA893800012414 /* Frameworks */ = {
			isa = PBXFrameworksBuildPhase;
			buildActionMask = 2147483647;
			files = (
			);
			runOnlyForDeploymentPostprocessing = 0;
		};
/* End PBXFrameworksBuildPhase section */

/* Begin PBXGroup section */
		4D6E119919BA893800012414 = {
			isa = PBXGroup;
			children = (
				4D6E11A419BA893800012414 /* MBEPickerViewController */,
				4D6E11A319BA893800012414 /* Products */,
			);
			sourceTree = "<group>";
		};
		4D6E11A319BA893800012414 /* Products */ = {
			isa = PBXGroup;
			children = (
				4D6E11A219BA893800012414 /* MBEPickerViewController.app */,
			);
			name = Products;
			sourceTree = "<group>";
		};
		4D6E11A419BA893800012414 /* MBEPickerViewController */ = {
			isa = PBXGroup;
			children = (
				4D6E11A919BA893800012414 /* AppDelegate.h */,
				4D6E11AA19BA893800012414 /* AppDelegate.m */,
				4D6E11AC19BA893800012414 /* ViewController.h */,
				4D6E11AD19BA893800012414 /* ViewController.m */,
				4D6E11CC19BB786000012414 /* ViewController.xib */,
				4D6E11CE19BB814E00012414 /* MBEPickerController.h */,
				4D6E11CF19BB814E00012414 /* MBEPickerController.m */,
				4D6E11D019BB814E00012414 /* MBEPickerController.xib */,
				4D6E11B219BA893800012414 /* Images.xcassets */,
				4D6E11A519BA893800012414 /* Supporting Files */,
			);
			path = MBEPickerViewController;
			sourceTree = "<group>";
		};
		4D6E11A519BA893800012414 /* Supporting Files */ = {
			isa = PBXGroup;
			children = (
				4D6E11A619BA893800012414 /* Info.plist */,
				4D6E11A719BA893800012414 /* main.m */,
			);
			name = "Supporting Files";
			sourceTree = "<group>";
		};
/* End PBXGroup section */

/* Begin PBXNativeTarget section */
		4D6E11A119BA893800012414 /* MBEPickerViewController */ = {
			isa = PBXNativeTarget;
			buildConfigurationList = 4D6E11C219BA893800012414 /* Build configuration list for PBXNativeTarget "MBEPickerViewController" */;
			buildPhases = (
				4D6E119E19BA893800012414 /* Sources */,
				4D6E119F19BA893800012414 /* Frameworks */,
				4D6E11A019BA893800012414 /* Resources */,
			);
			buildRules = (
			);
			dependencies = (
			);
			name = MBEPickerViewController;
			productName = MBEActionSheetPicker;
			productReference = 4D6E11A219BA893800012414 /* MBEPickerViewController.app */;
			productType = "com.apple.product-type.application";
		};
/* End PBXNativeTarget section */

/* Begin PBXProject section */
		4D6E119A19BA893800012414 /* Project object */ = {
			isa = PBXProject;
			attributes = {
				LastUpgradeCheck = 0600;
				ORGANIZATIONNAME = "3Advance, LLC";
				TargetAttributes = {
					4D6E11A119BA893800012414 = {
						CreatedOnToolsVersion = 6.0;
					};
				};
			};
			buildConfigurationList = 4D6E119D19BA893800012414 /* Build configuration list for PBXProject "MBEPickerViewController" */;
			compatibilityVersion = "Xcode 3.2";
			developmentRegion = English;
			hasScannedForEncodings = 0;
			knownRegions = (
				en,
				Base,
			);
			mainGroup = 4D6E119919BA893800012414;
			productRefGroup = 4D6E11A319BA893800012414 /* Products */;
			projectDirPath = "";
			projectRoot = "";
			targets = (
				4D6E11A119BA893800012414 /* MBEPickerViewController */,
			);
		};
/* End PBXProject section */

/* Begin PBXResourcesBuildPhase section */
		4D6E11A019BA893800012414 /* Resources */ = {
			isa = PBXResourcesBuildPhase;
			buildActionMask = 2147483647;
			files = (
				4D6E11CD19BB786000012414 /* ViewController.xib in Resources */,
				4D6E11D219BB814E00012414 /* MBEPickerController.xib in Resources */,
				4D6E11B319BA893800012414 /* Images.xcassets in Resources */,
			);
			runOnlyForDeploymentPostprocessing = 0;
		};
/* End PBXResourcesBuildPhase section */

/* Begin PBXSourcesBuildPhase section */
		4D6E119E19BA893800012414 /* Sources */ = {
			isa = PBXSourcesBuildPhase;
			buildActionMask = 2147483647;
			files = (
				4D6E11D119BB814E00012414 /* MBEPickerController.m in Sources */,
				4D6E11AE19BA893800012414 /* ViewController.m in Sources */,
				4D6E11AB19BA893800012414 /* AppDelegate.m in Sources */,
				4D6E11A819BA893800012414 /* main.m in Sources */,
			);
			runOnlyForDeploymentPostprocessing = 0;
		};
/* End PBXSourcesBuildPhase section */

/* Begin XCBuildConfiguration section */
		4D6E11C019BA893800012414 /* Debug */ = {
			isa = XCBuildConfiguration;
			buildSettings = {
				ALWAYS_SEARCH_USER_PATHS = NO;
				CLANG_CXX_LANGUAGE_STANDARD = "gnu++0x";
				CLANG_CXX_LIBRARY = "libc++";
				CLANG_ENABLE_MODULES = YES;
				CLANG_ENABLE_OBJC_ARC = YES;
				CLANG_WARN_BOOL_CONVERSION = YES;
				CLANG_WARN_CONSTANT_CONVERSION = YES;
				CLANG_WARN_DIRECT_OBJC_ISA_USAGE = YES_ERROR;
				CLANG_WARN_EMPTY_BODY = YES;
				CLANG_WARN_ENUM_CONVERSION = YES;
				CLANG_WARN_INT_CONVERSION = YES;
				CLANG_WARN_OBJC_ROOT_CLASS = YES_ERROR;
				CLANG_WARN_UNREACHABLE_CODE = YES;
				CLANG_WARN__DUPLICATE_METHOD_MATCH = YES;
				"CODE_SIGN_IDENTITY[sdk=iphoneos*]" = "iPhone Developer";
				COPY_PHASE_STRIP = NO;
				ENABLE_STRICT_OBJC_MSGSEND = YES;
				GCC_C_LANGUAGE_STANDARD = gnu99;
				GCC_DYNAMIC_NO_PIC = NO;
				GCC_OPTIMIZATION_LEVEL = 0;
				GCC_PREPROCESSOR_DEFINITIONS = (
					"DEBUG=1",
					"$(inherited)",
				);
				GCC_SYMBOLS_PRIVATE_EXTERN = NO;
				GCC_WARN_64_TO_32_BIT_CONVERSION = YES;
				GCC_WARN_ABOUT_RETURN_TYPE = YES_ERROR;
				GCC_WARN_UNDECLARED_SELECTOR = YES;
				GCC_WARN_UNINITIALIZED_AUTOS = YES_AGGRESSIVE;
				GCC_WARN_UNUSED_FUNCTION = YES;
				GCC_WARN_UNUSED_VARIABLE = YES;
				IPHONEOS_DEPLOYMENT_TARGET = 7.0;
				MTL_ENABLE_DEBUG_INFO = YES;
				ONLY_ACTIVE_ARCH = YES;
				SDKROOT = iphoneos;
			};
			name = Debug;
		};
		4D6E11C119BA893800012414 /* Release */ = {
			isa = XCBuildConfiguration;
			buildSettings = {
				ALWAYS_SEARCH_USER_PATHS = NO;
				CLANG_CXX_LANGUAGE_STANDARD = "gnu++0x";
				CLANG_CXX_LIBRARY = "libc++";
				CLANG_ENABLE_MODULES = YES;
				CLANG_ENABLE_OBJC_ARC = YES;
				CLANG_WARN_BOOL_CONVERSION = YES;
				CLANG_WARN_CONSTANT_CONVERSION = YES;
				CLANG_WARN_DIRECT_OBJC_ISA_USAGE = YES_ERROR;
				CLANG_WARN_EMPTY_BODY = YES;
				CLANG_WARN_ENUM_CONVERSION = YES;
				CLANG_WARN_INT_CONVERSION = YES;
				CLANG_WARN_OBJC_ROOT_CLASS = YES_ERROR;
				CLANG_WARN_UNREACHABLE_CODE = YES;
				CLANG_WARN__DUPLICATE_METHOD_MATCH = YES;
				"CODE_SIGN_IDENTITY[sdk=iphoneos*]" = "iPhone Developer";
				COPY_PHASE_STRIP = YES;
				ENABLE_NS_ASSERTIONS = NO;
				ENABLE_STRICT_OBJC_MSGSEND = YES;
				GCC_C_LANGUAGE_STANDARD = gnu99;
				GCC_WARN_64_TO_32_BIT_CONVERSION = YES;
				GCC_WARN_ABOUT_RETURN_TYPE = YES_ERROR;
				GCC_WARN_UNDECLARED_SELECTOR = YES;
				GCC_WARN_UNINITIALIZED_AUTOS = YES_AGGRESSIVE;
				GCC_WARN_UNUSED_FUNCTION = YES;
				GCC_WARN_UNUSED_VARIABLE = YES;
				IPHONEOS_DEPLOYMENT_TARGET = 7.0;
				MTL_ENABLE_DEBUG_INFO = NO;
				SDKROOT = iphoneos;
				VALIDATE_PRODUCT = YES;
			};
			name = Release;
		};
		4D6E11C319BA893800012414 /* Debug */ = {
			isa = XCBuildConfiguration;
			buildSettings = {
				ASSETCATALOG_COMPILER_APPICON_NAME = AppIcon;
				ASSETCATALOG_COMPILER_LAUNCHIMAGE_NAME = LaunchImage;
				INFOPLIST_FILE = MBEPickerViewController/Info.plist;
				IPHONEOS_DEPLOYMENT_TARGET = 7.1;
				LD_RUNPATH_SEARCH_PATHS = "$(inherited) @executable_path/Frameworks";
				PRODUCT_NAME = MBEPickerViewController;
			};
			name = Debug;
		};
		4D6E11C419BA893800012414 /* Release */ = {
			isa = XCBuildConfiguration;
			buildSettings = {
				ASSETCATALOG_COMPILER_APPICON_NAME = AppIcon;
				ASSETCATALOG_COMPILER_LAUNCHIMAGE_NAME = LaunchImage;
				INFOPLIST_FILE = MBEPickerViewController/Info.plist;
				IPHONEOS_DEPLOYMENT_TARGET = 7.1;
				LD_RUNPATH_SEARCH_PATHS = "$(inherited) @executable_path/Frameworks";
				PRODUCT_NAME = MBEPickerViewController;
			};
			name = Release;
		};
/* End XCBuildConfiguration section */

/* Begin XCConfigurationList section */
		4D6E119D19BA893800012414 /* Build configuration list for PBXProject "MBEPickerViewController" */ = {
			isa = XCConfigurationList;
			buildConfigurations = (
				4D6E11C019BA893800012414 /* Debug */,
				4D6E11C119BA893800012414 /* Release */,
			);
			defaultConfigurationIsVisible = 0;
			defaultConfigurationName = Release;
		};
		4D6E11C219BA893800012414 /* Build configuration list for PBXNativeTarget "MBEPickerViewController" */ = {
			isa = XCConfigurationList;
			buildConfigurations = (
				4D6E11C319BA893800012414 /* Debug */,
				4D6E11C419BA893800012414 /* Release */,
			);
			defaultConfigurationIsVisible = 0;
			defaultConfigurationName = Release;
		};
/* End XCConfigurationList section */
	};
	rootObject = 4D6E119A19BA893800012414 /* Project object */;
}
